
Microsoft Visual Studio Solution File, Format Version 12.00
# Visual Studio Version 17
VisualStudioVersion = 17.5.33414.496
MinimumVisualStudioVersion = 10.0.40219.1
Project("{FAE04EC0-301F-11D3-BF4B-00C04F79EFBC}") = "POOex4", "POOex4\POOex4.csproj", "{B8AD5228-30E7-4364-B398-2B1E08C379A5}"
EndProject
Global
	GlobalSection(SolutionConfigurationPlatforms) = preSolution
		Debug|Any CPU = Debug|Any CPU
		Release|Any CPU = Release|Any CPU
	EndGlobalSection
	GlobalSection(ProjectConfigurationPlatforms) = postSolution
		{B8AD5228-30E7-4364-B398-2B1E08C379A5}.Debug|Any CPU.ActiveCfg = Debug|Any CPU
		{B8AD5228-30E7-4364-B398-2B1E08C379A5}.Debug|Any CPU.Build.0 = Debug|Any CPU
		{B8AD5228-30E7-4364-B398-2B1E08C379A5}.Release|Any CPU.ActiveCfg = Release|Any CPU
		{B8AD5228-30E7-4364-B398-2B1E08C379A5}.Release|Any CPU.Build.0 = Release|Any CPU
	EndGlobalSection
	GlobalSection(SolutionProperties) = preSolution
		HideSolutionNode = FALSE
	EndGlobalSection
	GlobalSection(ExtensibilityGlobals) = postSolution
		SolutionGuid = {14103B3D-3812-41EF-888B-CCE8946ABB22}
	EndGlobalSection
EndGlobal
