
Microsoft Visual Studio Solution File, Format Version 12.00
# Visual Studio Version 17
VisualStudioVersion = 17.5.33414.496
MinimumVisualStudioVersion = 10.0.40219.1
Project("{FAE04EC0-301F-11D3-BF4B-00C04F79EFBC}") = "POOex3", "POOex3\POOex3.csproj", "{71291949-8A93-4580-AF94-D734A1560D4B}"
EndProject
Global
	GlobalSection(SolutionConfigurationPlatforms) = preSolution
		Debug|Any CPU = Debug|Any CPU
		Release|Any CPU = Release|Any CPU
	EndGlobalSection
	GlobalSection(ProjectConfigurationPlatforms) = postSolution
		{71291949-8A93-4580-AF94-D734A1560D4B}.Debug|Any CPU.ActiveCfg = Debug|Any CPU
		{71291949-8A93-4580-AF94-D734A1560D4B}.Debug|Any CPU.Build.0 = Debug|Any CPU
		{71291949-8A93-4580-AF94-D734A1560D4B}.Release|Any CPU.ActiveCfg = Release|Any CPU
		{71291949-8A93-4580-AF94-D734A1560D4B}.Release|Any CPU.Build.0 = Release|Any CPU
	EndGlobalSection
	GlobalSection(SolutionProperties) = preSolution
		HideSolutionNode = FALSE
	EndGlobalSection
	GlobalSection(ExtensibilityGlobals) = postSolution
		SolutionGuid = {9917DC13-9EB6-45C3-928F-4907B5CA5B77}
	EndGlobalSection
EndGlobal
