
Microsoft Visual Studio Solution File, Format Version 12.00
# Visual Studio Version 17
VisualStudioVersion = 17.6.33801.468
MinimumVisualStudioVersion = 10.0.40219.1
Project("{FAE04EC0-301F-11D3-BF4B-00C04F79EFBC}") = "Delegates1", "Delegates1\Delegates1.csproj", "{02FDDA68-0694-445A-BCBA-24A488DF44BA}"
EndProject
Global
	GlobalSection(SolutionConfigurationPlatforms) = preSolution
		Debug|Any CPU = Debug|Any CPU
		Release|Any CPU = Release|Any CPU
	EndGlobalSection
	GlobalSection(ProjectConfigurationPlatforms) = postSolution
		{02FDDA68-0694-445A-BCBA-24A488DF44BA}.Debug|Any CPU.ActiveCfg = Debug|Any CPU
		{02FDDA68-0694-445A-BCBA-24A488DF44BA}.Debug|Any CPU.Build.0 = Debug|Any CPU
		{02FDDA68-0694-445A-BCBA-24A488DF44BA}.Release|Any CPU.ActiveCfg = Release|Any CPU
		{02FDDA68-0694-445A-BCBA-24A488DF44BA}.Release|Any CPU.Build.0 = Release|Any CPU
	EndGlobalSection
	GlobalSection(SolutionProperties) = preSolution
		HideSolutionNode = FALSE
	EndGlobalSection
	GlobalSection(ExtensibilityGlobals) = postSolution
		SolutionGuid = {50E39772-57E6-4D77-8793-9171635FB078}
	EndGlobalSection
EndGlobal
